<?xml version="1.0" encoding="utf-8"?>
<Project ToolsVersion="4.0" xmlns="http://schemas.microsoft.com/developer/msbuild/2003">
  <ItemGroup>
    <Filter Include="Исходные файлы">
      <UniqueIdentifier>{4FC737F1-C7A5-4376-A066-2A32D752A2FF}</UniqueIdentifier>
      <Extensions>cpp;c;cc;cxx;c++;cppm;ixx;def;odl;idl;hpj;bat;asm;asmx</Extensions>
    </Filter>
    <Filter Include="Файлы заголовков">
      <UniqueIdentifier>{93995380-89BD-4b04-88EB-625FBE52EBFB}</UniqueIdentifier>
      <Extensions>h;hh;hpp;hxx;h++;hm;inl;inc;ipp;xsd</Extensions>
    </Filter>
    <Filter Include="Файлы ресурсов">
      <UniqueIdentifier>{67DA6AB6-F800-4c08-8B7A-83BB121AAD01}</UniqueIdentifier>
      <Extensions>rc;ico;cur;bmp;dlg;rc2;rct;bin;rgs;gif;jpg;jpeg;jpe;resx;tiff;tif;png;wav;mfcribbon-ms</Extensions>
    </Filter>
    <Filter Include="Исходные файлы\LeetCode">
      <UniqueIdentifier>{7f59b5a8-50be-4a69-af2d-ec5e43787e73}</UniqueIdentifier>
    </Filter>
    <Filter Include="Файлы заголовков\LeetCode">
      <UniqueIdentifier>{ad413371-1da6-4ecf-ac74-7d8b49a1ec19}</UniqueIdentifier>
    </Filter>
    <Filter Include="Файлы заголовков\LeetCode\LeetCodeContainers">
      <UniqueIdentifier>{286ec1a9-9c3c-4169-86ed-8da7f2db9451}</UniqueIdentifier>
    </Filter>
  </ItemGroup>
  <ItemGroup>
    <ClCompile Include="CPlusPlusLearning.cpp">
      <Filter>Исходные файлы</Filter>
    </ClCompile>
    <ClCompile Include="ListNode.h">
      <Filter>Файлы заголовков\LeetCode\LeetCodeContainers</Filter>
    </ClCompile>
    <ClCompile Include="Solution001.cpp">
      <Filter>Исходные файлы\LeetCode</Filter>
    </ClCompile>
    <ClCompile Include="Solution002.cpp">
      <Filter>Исходные файлы\LeetCode</Filter>
    </ClCompile>
    <ClCompile Include="Solution003.cpp">
      <Filter>Исходные файлы\LeetCode</Filter>
    </ClCompile>
    <ClCompile Include="Solution004.cpp">
      <Filter>Исходные файлы\LeetCode</Filter>
    </ClCompile>
    <ClCompile Include="Solution005.cpp">
      <Filter>Исходные файлы\LeetCode</Filter>
    </ClCompile>
    <ClCompile Include="Solution006.cpp">
      <Filter>Исходные файлы\LeetCode</Filter>
    </ClCompile>
    <ClCompile Include="Solution007.cpp">
      <Filter>Исходные файлы\LeetCode</Filter>
    </ClCompile>
    <ClCompile Include="Solution008.cpp">
      <Filter>Исходные файлы\LeetCode</Filter>
    </ClCompile>
    <ClCompile Include="Solution009.cpp">
      <Filter>Исходные файлы\LeetCode</Filter>
    </ClCompile>
    <ClCompile Include="Solution010.cpp">
      <Filter>Исходные файлы\LeetCode</Filter>
    </ClCompile>
    <ClCompile Include="Solution011.cpp">
      <Filter>Исходные файлы\LeetCode</Filter>
    </ClCompile>
    <ClCompile Include="Solution012.cpp">
      <Filter>Исходные файлы\LeetCode</Filter>
    </ClCompile>
    <ClCompile Include="Solution013.cpp">
      <Filter>Исходные файлы\LeetCode</Filter>
    </ClCompile>
    <ClCompile Include="Solution014.cpp">
      <Filter>Исходные файлы\LeetCode</Filter>
    </ClCompile>
    <ClCompile Include="Solution015.cpp">
      <Filter>Исходные файлы\LeetCode</Filter>
    </ClCompile>
    <ClCompile Include="Solution016.cpp">
      <Filter>Исходные файлы\LeetCode</Filter>
    </ClCompile>
    <ClCompile Include="Solution017.cpp">
      <Filter>Исходные файлы\LeetCode</Filter>
    </ClCompile>
    <ClCompile Include="Solution018.cpp">
      <Filter>Исходные файлы\LeetCode</Filter>
    </ClCompile>
    <ClCompile Include="Solution019.cpp">
      <Filter>Исходные файлы\LeetCode</Filter>
    </ClCompile>
    <ClCompile Include="Solution020.cpp">
      <Filter>Исходные файлы\LeetCode</Filter>
    </ClCompile>
    <ClCompile Include="Solution021.cpp">
      <Filter>Исходные файлы\LeetCode</Filter>
    </ClCompile>
    <ClCompile Include="Solution022.cpp">
      <Filter>Исходные файлы\LeetCode</Filter>
    </ClCompile>
    <ClCompile Include="Solution023.cpp">
      <Filter>Исходные файлы\LeetCode</Filter>
    </ClCompile>
    <ClCompile Include="Solution024.cpp">
      <Filter>Исходные файлы\LeetCode</Filter>
    </ClCompile>
    <ClCompile Include="Solution025.cpp">
      <Filter>Исходные файлы\LeetCode</Filter>
    </ClCompile>
    <ClCompile Include="Solution026.cpp">
      <Filter>Исходные файлы\LeetCode</Filter>
    </ClCompile>
    <ClCompile Include="Solution027.cpp">
      <Filter>Исходные файлы\LeetCode</Filter>
    </ClCompile>
    <ClCompile Include="Solution028.cpp">
      <Filter>Исходные файлы\LeetCode</Filter>
    </ClCompile>
    <ClCompile Include="Solution029.cpp">
      <Filter>Исходные файлы\LeetCode</Filter>
    </ClCompile>
    <ClCompile Include="Solution030.cpp">
      <Filter>Исходные файлы\LeetCode</Filter>
    </ClCompile>
    <ClCompile Include="Solution031.cpp">
      <Filter>Исходные файлы\LeetCode</Filter>
    </ClCompile>
    <ClCompile Include="Solution032.cpp">
      <Filter>Исходные файлы\LeetCode</Filter>
    </ClCompile>
    <ClCompile Include="Solution033.cpp">
      <Filter>Исходные файлы\LeetCode</Filter>
    </ClCompile>
    <ClCompile Include="Solution034.cpp">
      <Filter>Исходные файлы\LeetCode</Filter>
    </ClCompile>
    <ClCompile Include="Solution035.cpp">
      <Filter>Исходные файлы\LeetCode</Filter>
    </ClCompile>
    <ClCompile Include="Solution036.cpp">
      <Filter>Исходные файлы\LeetCode</Filter>
    </ClCompile>
    <ClCompile Include="Solution037.cpp">
      <Filter>Исходные файлы\LeetCode</Filter>
    </ClCompile>
    <ClCompile Include="Solution038.cpp">
      <Filter>Исходные файлы\LeetCode</Filter>
    </ClCompile>
    <ClCompile Include="Solution039.cpp">
      <Filter>Исходные файлы\LeetCode</Filter>
    </ClCompile>
    <ClCompile Include="Solution040.cpp">
      <Filter>Исходные файлы\LeetCode</Filter>
    </ClCompile>
    <ClCompile Include="Solution041.cpp">
      <Filter>Исходные файлы\LeetCode</Filter>
    </ClCompile>
    <ClCompile Include="Solution042.cpp">
      <Filter>Исходные файлы\LeetCode</Filter>
    </ClCompile>
    <ClCompile Include="Solution043.cpp">
      <Filter>Исходные файлы\LeetCode</Filter>
    </ClCompile>
    <ClCompile Include="Solution044.cpp">
      <Filter>Исходные файлы\LeetCode</Filter>
    </ClCompile>
    <ClCompile Include="Solution045.cpp">
      <Filter>Исходные файлы\LeetCode</Filter>
    </ClCompile>
    <ClCompile Include="Solution046.cpp">
      <Filter>Исходные файлы\LeetCode</Filter>
    </ClCompile>
    <ClCompile Include="Solution047.cpp">
      <Filter>Исходные файлы\LeetCode</Filter>
    </ClCompile>
    <ClCompile Include="Solution048.cpp">
      <Filter>Исходные файлы\LeetCode</Filter>
    </ClCompile>
    <ClCompile Include="Solution049.cpp">
      <Filter>Исходные файлы\LeetCode</Filter>
    </ClCompile>
    <ClCompile Include="Solution050.cpp">
      <Filter>Исходные файлы\LeetCode</Filter>
    </ClCompile>
    <ClCompile Include="Solution051.cpp">
      <Filter>Исходные файлы\LeetCode</Filter>
    </ClCompile>
    <ClCompile Include="Solution052.cpp">
      <Filter>Исходные файлы\LeetCode</Filter>
    </ClCompile>
    <ClCompile Include="Solution053.cpp">
      <Filter>Исходные файлы\LeetCode</Filter>
    </ClCompile>
    <ClCompile Include="Solution054.cpp">
      <Filter>Исходные файлы\LeetCode</Filter>
    </ClCompile>
    <ClCompile Include="Solution055.cpp">
      <Filter>Исходные файлы\LeetCode</Filter>
    </ClCompile>
    <ClCompile Include="Solution056.cpp">
      <Filter>Исходные файлы\LeetCode</Filter>
    </ClCompile>
    <ClCompile Include="Solution057.cpp">
      <Filter>Исходные файлы\LeetCode</Filter>
    </ClCompile>
    <ClCompile Include="Solution062.cpp">
      <Filter>Исходные файлы\LeetCode</Filter>
    </ClCompile>
    <ClCompile Include="Solution061.cpp">
      <Filter>Исходные файлы\LeetCode</Filter>
    </ClCompile>
    <ClCompile Include="Solution060.cpp">
      <Filter>Исходные файлы\LeetCode</Filter>
    </ClCompile>
    <ClCompile Include="Solution059.cpp">
      <Filter>Исходные файлы\LeetCode</Filter>
    </ClCompile>
    <ClCompile Include="Solution058.cpp">
      <Filter>Исходные файлы\LeetCode</Filter>
    </ClCompile>
  </ItemGroup>
  <ItemGroup>
    <ClInclude Include="TreeNode.h">
      <Filter>Файлы заголовков\LeetCode\LeetCodeContainers</Filter>
    </ClInclude>
    <ClInclude Include="Solution001.h">
      <Filter>Файлы заголовков\LeetCode</Filter>
    </ClInclude>
    <ClInclude Include="Solution002.h">
      <Filter>Файлы заголовков\LeetCode</Filter>
    </ClInclude>
    <ClInclude Include="Solution003.h">
      <Filter>Файлы заголовков\LeetCode</Filter>
    </ClInclude>
    <ClInclude Include="Solution004.h">
      <Filter>Файлы заголовков\LeetCode</Filter>
    </ClInclude>
    <ClInclude Include="Solution005.h">
      <Filter>Файлы заголовков\LeetCode</Filter>
    </ClInclude>
    <ClInclude Include="Solution006.h">
      <Filter>Файлы заголовков\LeetCode</Filter>
    </ClInclude>
    <ClInclude Include="Solution007.h">
      <Filter>Файлы заголовков\LeetCode</Filter>
    </ClInclude>
    <ClInclude Include="Solution008.h">
      <Filter>Файлы заголовков\LeetCode</Filter>
    </ClInclude>
    <ClInclude Include="Solution009.h">
      <Filter>Файлы заголовков\LeetCode</Filter>
    </ClInclude>
    <ClInclude Include="Solution010.h">
      <Filter>Файлы заголовков\LeetCode</Filter>
    </ClInclude>
    <ClInclude Include="Solution011.h">
      <Filter>Файлы заголовков\LeetCode</Filter>
    </ClInclude>
    <ClInclude Include="Solution012.h">
      <Filter>Файлы заголовков\LeetCode</Filter>
    </ClInclude>
    <ClInclude Include="Solution013.h">
      <Filter>Файлы заголовков\LeetCode</Filter>
    </ClInclude>
    <ClInclude Include="Solution014.h">
      <Filter>Файлы заголовков\LeetCode</Filter>
    </ClInclude>
    <ClInclude Include="Solution015.h">
      <Filter>Файлы заголовков\LeetCode</Filter>
    </ClInclude>
    <ClInclude Include="Solution016.h">
      <Filter>Файлы заголовков\LeetCode</Filter>
    </ClInclude>
    <ClInclude Include="Solution017.h">
      <Filter>Файлы заголовков\LeetCode</Filter>
    </ClInclude>
    <ClInclude Include="Solution018.h">
      <Filter>Файлы заголовков\LeetCode</Filter>
    </ClInclude>
    <ClInclude Include="Solution019.h">
      <Filter>Файлы заголовков\LeetCode</Filter>
    </ClInclude>
    <ClInclude Include="Solution020.h">
      <Filter>Файлы заголовков\LeetCode</Filter>
    </ClInclude>
    <ClInclude Include="Solution021.h">
      <Filter>Файлы заголовков\LeetCode</Filter>
    </ClInclude>
    <ClInclude Include="Solution022.h">
      <Filter>Файлы заголовков\LeetCode</Filter>
    </ClInclude>
    <ClInclude Include="Solution023.h">
      <Filter>Файлы заголовков\LeetCode</Filter>
    </ClInclude>
    <ClInclude Include="Solution024.h">
      <Filter>Файлы заголовков\LeetCode</Filter>
    </ClInclude>
    <ClInclude Include="Solution025.h">
      <Filter>Файлы заголовков\LeetCode</Filter>
    </ClInclude>
    <ClInclude Include="Solution026.h">
      <Filter>Файлы заголовков\LeetCode</Filter>
    </ClInclude>
    <ClInclude Include="Solution027.h">
      <Filter>Файлы заголовков\LeetCode</Filter>
    </ClInclude>
    <ClInclude Include="Solution028.h">
      <Filter>Файлы заголовков\LeetCode</Filter>
    </ClInclude>
    <ClInclude Include="Solution029.h">
      <Filter>Файлы заголовков\LeetCode</Filter>
    </ClInclude>
    <ClInclude Include="Solution030.h">
      <Filter>Файлы заголовков\LeetCode</Filter>
    </ClInclude>
    <ClInclude Include="Solution031.h">
      <Filter>Файлы заголовков\LeetCode</Filter>
    </ClInclude>
    <ClInclude Include="Solution032.h">
      <Filter>Файлы заголовков\LeetCode</Filter>
    </ClInclude>
    <ClInclude Include="Solution033.h">
      <Filter>Файлы заголовков\LeetCode</Filter>
    </ClInclude>
    <ClInclude Include="Solution034.h">
      <Filter>Файлы заголовков\LeetCode</Filter>
    </ClInclude>
    <ClInclude Include="Solution035.h">
      <Filter>Файлы заголовков\LeetCode</Filter>
    </ClInclude>
    <ClInclude Include="Solution036.h">
      <Filter>Файлы заголовков\LeetCode</Filter>
    </ClInclude>
    <ClInclude Include="Solution037.h">
      <Filter>Файлы заголовков\LeetCode</Filter>
    </ClInclude>
    <ClInclude Include="Solution038.h">
      <Filter>Файлы заголовков\LeetCode</Filter>
    </ClInclude>
    <ClInclude Include="Solution039.h">
      <Filter>Файлы заголовков\LeetCode</Filter>
    </ClInclude>
    <ClInclude Include="Solution040.h">
      <Filter>Файлы заголовков\LeetCode</Filter>
    </ClInclude>
    <ClInclude Include="Solution041.h">
      <Filter>Файлы заголовков\LeetCode</Filter>
    </ClInclude>
    <ClInclude Include="Solution042.h">
      <Filter>Файлы заголовков\LeetCode</Filter>
    </ClInclude>
    <ClInclude Include="Solution043.h">
      <Filter>Файлы заголовков\LeetCode</Filter>
    </ClInclude>
    <ClInclude Include="Solution044.h">
      <Filter>Файлы заголовков\LeetCode</Filter>
    </ClInclude>
    <ClInclude Include="Solution045.h">
      <Filter>Файлы заголовков\LeetCode</Filter>
    </ClInclude>
    <ClInclude Include="Solution046.h">
      <Filter>Файлы заголовков\LeetCode</Filter>
    </ClInclude>
    <ClInclude Include="Solution047.h">
      <Filter>Файлы заголовков\LeetCode</Filter>
    </ClInclude>
    <ClInclude Include="Solution048.h">
      <Filter>Файлы заголовков\LeetCode</Filter>
    </ClInclude>
    <ClInclude Include="Solution049.h">
      <Filter>Файлы заголовков\LeetCode</Filter>
    </ClInclude>
    <ClInclude Include="Solution050.h">
      <Filter>Файлы заголовков\LeetCode</Filter>
    </ClInclude>
    <ClInclude Include="Solution051.h">
      <Filter>Файлы заголовков\LeetCode</Filter>
    </ClInclude>
    <ClInclude Include="Solution052.h">
      <Filter>Файлы заголовков\LeetCode</Filter>
    </ClInclude>
    <ClInclude Include="Solution053.h">
      <Filter>Файлы заголовков\LeetCode</Filter>
    </ClInclude>
    <ClInclude Include="Solution054.h">
      <Filter>Файлы заголовков\LeetCode</Filter>
    </ClInclude>
    <ClInclude Include="Solution055.h">
      <Filter>Файлы заголовков\LeetCode</Filter>
    </ClInclude>
    <ClInclude Include="Solution056.h">
      <Filter>Файлы заголовков\LeetCode</Filter>
    </ClInclude>
    <ClInclude Include="Solution057.h">
      <Filter>Файлы заголовков\LeetCode</Filter>
    </ClInclude>
    <ClInclude Include="Solution058.h">
      <Filter>Файлы заголовков\LeetCode</Filter>
    </ClInclude>
    <ClInclude Include="Solution059.h">
      <Filter>Файлы заголовков\LeetCode</Filter>
    </ClInclude>
    <ClInclude Include="Solution060.h">
      <Filter>Файлы заголовков\LeetCode</Filter>
    </ClInclude>
    <ClInclude Include="Solution061.h">
      <Filter>Файлы заголовков\LeetCode</Filter>
    </ClInclude>
    <ClInclude Include="Solution062.h">
      <Filter>Файлы заголовков\LeetCode</Filter>
    </ClInclude>
  </ItemGroup>
</Project>